
Microsoft Visual Studio Solution File, Format Version 12.00
Project("{FAE04EC0-301F-11D3-BF4B-00C04F79EFBC}") = "ScalarDbClusterSqlSample", "ScalarDbClusterSqlSample.csproj", "{939E9AC1-C42D-4193-82E1-1D1A03034074}"
EndProject
Global
	GlobalSection(SolutionConfigurationPlatforms) = preSolution
		Debug|Any CPU = Debug|Any CPU
		Release|Any CPU = Release|Any CPU
	EndGlobalSection
	GlobalSection(ProjectConfigurationPlatforms) = postSolution
		{939E9AC1-C42D-4193-82E1-1D1A03034074}.Debug|Any CPU.ActiveCfg = Debug|Any CPU
		{939E9AC1-C42D-4193-82E1-1D1A03034074}.Debug|Any CPU.Build.0 = Debug|Any CPU
		{939E9AC1-C42D-4193-82E1-1D1A03034074}.Release|Any CPU.ActiveCfg = Release|Any CPU
		{939E9AC1-C42D-4193-82E1-1D1A03034074}.Release|Any CPU.Build.0 = Release|Any CPU
	EndGlobalSection
EndGlobal
